github.com/CronNieves/Api-rest-go v0.0.0-20201116033523-bb59b7e0643b h1:T3g3XVecIIhbRXJ486jrlutP8uxalBD9YtP0wjLzNz8=
github.com/CronNieves/Api-rest-go v0.0.0-20201116033523-bb59b7e0643b/go.mod h1:L7aqtrJfsfR6xxCgV6urpIfy0t829HKxktiGi5Cvkvg=
github.com/gorilla/mux v1.8.0 h1:i40aqfkR1h2SlN9hojwV5ZA91wcXFOvkdNIeFDP5koI=
github.com/gorilla/mux v1.8.0/go.mod h1:DVbg23sWSpFRCP0SfiEN6jmj59UnW/n46BH5rLB71So=
